
Microsoft Visual Studio Solution File, Format Version 12.00
# Visual Studio Version 17
VisualStudioVersion = 17.1.32319.34
MinimumVisualStudioVersion = 10.0.40219.1
Project("{FAE04EC0-301F-11D3-BF4B-00C04F79EFBC}") = "Ib.Update", "Ib.Update\Ib.Update.csproj", "{C6CEE7FB-D8C4-40F6-BD51-4FDA404550EC}"
EndProject
Project("{FAE04EC0-301F-11D3-BF4B-00C04F79EFBC}") = "Test", "Test\Test.csproj", "{5E5C3CC9-1976-4A4C-9B54-5CE8C6141819}"
EndProject
Global
	GlobalSection(SolutionConfigurationPlatforms) = preSolution
		Debug|Any CPU = Debug|Any CPU
		Release|Any CPU = Release|Any CPU
	EndGlobalSection
	GlobalSection(ProjectConfigurationPlatforms) = postSolution
		{C6CEE7FB-D8C4-40F6-BD51-4FDA404550EC}.Debug|Any CPU.ActiveCfg = Debug|Any CPU
		{C6CEE7FB-D8C4-40F6-BD51-4FDA404550EC}.Debug|Any CPU.Build.0 = Debug|Any CPU
		{C6CEE7FB-D8C4-40F6-BD51-4FDA404550EC}.Release|Any CPU.ActiveCfg = Release|Any CPU
		{C6CEE7FB-D8C4-40F6-BD51-4FDA404550EC}.Release|Any CPU.Build.0 = Release|Any CPU
		{5E5C3CC9-1976-4A4C-9B54-5CE8C6141819}.Debug|Any CPU.ActiveCfg = Debug|Any CPU
		{5E5C3CC9-1976-4A4C-9B54-5CE8C6141819}.Debug|Any CPU.Build.0 = Debug|Any CPU
		{5E5C3CC9-1976-4A4C-9B54-5CE8C6141819}.Release|Any CPU.ActiveCfg = Release|Any CPU
		{5E5C3CC9-1976-4A4C-9B54-5CE8C6141819}.Release|Any CPU.Build.0 = Release|Any CPU
	EndGlobalSection
	GlobalSection(SolutionProperties) = preSolution
		HideSolutionNode = FALSE
	EndGlobalSection
	GlobalSection(ExtensibilityGlobals) = postSolution
		SolutionGuid = {FB5D105E-C216-4FB9-B3CA-800A1B166923}
	EndGlobalSection
EndGlobal
